// !$*UTF8*$!
{
	archiveVersion = 1;
	classes = {
	};
	objectVersion = 50;
	objects = {

/* Begin PBXBuildFile section */
		9478344C2728C99A0050B1A2 /* AppDelegate.swift in Sources */ = {isa = PBXBuildFile; fileRef = 9478344B2728C99A0050B1A2 /* AppDelegate.swift */; };
		9478344E2728C99A0050B1A2 /* SceneDelegate.swift in Sources */ = {isa = PBXBuildFile; fileRef = 9478344D2728C99A0050B1A2 /* SceneDelegate.swift */; };
		947834502728C99A0050B1A2 /* ViewController.swift in Sources */ = {isa = PBXBuildFile; fileRef = 9478344F2728C99A0050B1A2 /* ViewController.swift */; };
		947834532728C99A0050B1A2 /* Main.storyboard in Resources */ = {isa = PBXBuildFile; fileRef = 947834512728C99A0050B1A2 /* Main.storyboard */; };
		947834562728C99A0050B1A2 /* SportBedBluetoothTester.xcdatamodeld in Sources */ = {isa = PBXBuildFile; fileRef = 947834542728C99A0050B1A2 /* SportBedBluetoothTester.xcdatamodeld */; };
		947834582728C99D0050B1A2 /* Assets.xcassets in Resources */ = {isa = PBXBuildFile; fileRef = 947834572728C99D0050B1A2 /* Assets.xcassets */; };
		9478345B2728C99D0050B1A2 /* LaunchScreen.storyboard in Resources */ = {isa = PBXBuildFile; fileRef = 947834592728C99D0050B1A2 /* LaunchScreen.storyboard */; };
		947834662728C99D0050B1A2 /* SportBedBluetoothTesterTests.swift in Sources */ = {isa = PBXBuildFile; fileRef = 947834652728C99D0050B1A2 /* SportBedBluetoothTesterTests.swift */; };
		947834712728C99D0050B1A2 /* SportBedBluetoothTesterUITests.swift in Sources */ = {isa = PBXBuildFile; fileRef = 947834702728C99D0050B1A2 /* SportBedBluetoothTesterUITests.swift */; };
		94783484272900BE0050B1A2 /* bleTableViewController.swift in Sources */ = {isa = PBXBuildFile; fileRef = 94783483272900BE0050B1A2 /* bleTableViewController.swift */; };
/* End PBXBuildFile section */

/* Begin PBXContainerItemProxy section */
		947834622728C99D0050B1A2 /* PBXContainerItemProxy */ = {
			isa = PBXContainerItemProxy;
			containerPortal = 947834402728C99A0050B1A2 /* Project object */;
			proxyType = 1;
			remoteGlobalIDString = 947834472728C99A0050B1A2;
			remoteInfo = SportBedBluetoothTester;
		};
		9478346D2728C99D0050B1A2 /* PBXContainerItemProxy */ = {
			isa = PBXContainerItemProxy;
			containerPortal = 947834402728C99A0050B1A2 /* Project object */;
			proxyType = 1;
			remoteGlobalIDString = 947834472728C99A0050B1A2;
			remoteInfo = SportBedBluetoothTester;
		};
/* End PBXContainerItemProxy section */

/* Begin PBXFileReference section */
		947834482728C99A0050B1A2 /* SportBedBluetoothTester.app */ = {isa = PBXFileReference; explicitFileType = wrapper.application; includeInIndex = 0; path = SportBedBluetoothTester.app; sourceTree = BUILT_PRODUCTS_DIR; };
		9478344B2728C99A0050B1A2 /* AppDelegate.swift */ = {isa = PBXFileReference; lastKnownFileType = sourcecode.swift; path = AppDelegate.swift; sourceTree = "<group>"; };
		9478344D2728C99A0050B1A2 /* SceneDelegate.swift */ = {isa = PBXFileReference; lastKnownFileType = sourcecode.swift; path = SceneDelegate.swift; sourceTree = "<group>"; };
		9478344F2728C99A0050B1A2 /* ViewController.swift */ = {isa = PBXFileReference; lastKnownFileType = sourcecode.swift; path = ViewController.swift; sourceTree = "<group>"; };
		947834522728C99A0050B1A2 /* Base */ = {isa = PBXFileReference; lastKnownFileType = file.storyboard; name = Base; path = Base.lproj/Main.storyboard; sourceTree = "<group>"; };
		947834552728C99A0050B1A2 /* SportBedBluetoothTester.xcdatamodel */ = {isa = PBXFileReference; lastKnownFileType = wrapper.xcdatamodel; path = SportBedBluetoothTester.xcdatamodel; sourceTree = "<group>"; };
		947834572728C99D0050B1A2 /* Assets.xcassets */ = {isa = PBXFileReference; lastKnownFileType = folder.assetcatalog; path = Assets.xcassets; sourceTree = "<group>"; };
		9478345A2728C99D0050B1A2 /* Base */ = {isa = PBXFileReference; lastKnownFileType = file.storyboard; name = Base; path = Base.lproj/LaunchScreen.storyboard; sourceTree = "<group>"; };
		9478345C2728C99D0050B1A2 /* Info.plist */ = {isa = PBXFileReference; lastKnownFileType = text.plist.xml; path = Info.plist; sourceTree = "<group>"; };
		947834612728C99D0050B1A2 /* SportBedBluetoothTesterTests.xctest */ = {isa = PBXFileReference; explicitFileType = wrapper.cfbundle; includeInIndex = 0; path = SportBedBluetoothTesterTests.xctest; sourceTree = BUILT_PRODUCTS_DIR; };
		947834652728C99D0050B1A2 /* SportBedBluetoothTesterTests.swift */ = {isa = PBXFileReference; lastKnownFileType = sourcecode.swift; path = SportBedBluetoothTesterTests.swift; sourceTree = "<group>"; };
		947834672728C99D0050B1A2 /* Info.plist */ = {isa = PBXFileReference; lastKnownFileType = text.plist.xml; path = Info.plist; sourceTree = "<group>"; };
		9478346C2728C99D0050B1A2 /* SportBedBluetoothTesterUITests.xctest */ = {isa = PBXFileReference; explicitFileType = wrapper.cfbundle; includeInIndex = 0; path = SportBedBluetoothTesterUITests.xctest; sourceTree = BUILT_PRODUCTS_DIR; };
		947834702728C99D0050B1A2 /* SportBedBluetoothTesterUITests.swift */ = {isa = PBXFileReference; lastKnownFileType = sourcecode.swift; path = SportBedBluetoothTesterUITests.swift; sourceTree = "<group>"; };
		947834722728C99D0050B1A2 /* Info.plist */ = {isa = PBXFileReference; lastKnownFileType = text.plist.xml; path = Info.plist; sourceTree = "<group>"; };
		94783483272900BE0050B1A2 /* bleTableViewController.swift */ = {isa = PBXFileReference; lastKnownFileType = sourcecode.swift; path = bleTableViewController.swift; sourceTree = "<group>"; };
/* End PBXFileReference section */

/* Begin PBXFrameworksBuildPhase section */
		947834452728C99A0050B1A2 /* Frameworks */ = {
			isa = PBXFrameworksBuildPhase;
			buildActionMask = 2147483647;
			files = (
			);
			runOnlyForDeploymentPostprocessing = 0;
		};
		9478345E2728C99D0050B1A2 /* Frameworks */ = {
			isa = PBXFrameworksBuildPhase;
			buildActionMask = 2147483647;
			files = (
			);
			runOnlyForDeploymentPostprocessing = 0;
		};
		947834692728C99D0050B1A2 /* Frameworks */ = {
			isa = PBXFrameworksBuildPhase;
			buildActionMask = 2147483647;
			files = (
			);
			runOnlyForDeploymentPostprocessing = 0;
		};
/* End PBXFrameworksBuildPhase section */

/* Begin PBXGroup section */
		9478343F2728C99A0050B1A2 = {
			isa = PBXGroup;
			children = (
				9478344A2728C99A0050B1A2 /* SportBedBluetoothTester */,
				947834642728C99D0050B1A2 /* SportBedBluetoothTesterTests */,
				9478346F2728C99D0050B1A2 /* SportBedBluetoothTesterUITests */,
				947834492728C99A0050B1A2 /* Products */,
			);
			sourceTree = "<group>";
		};
		947834492728C99A0050B1A2 /* Products */ = {
			isa = PBXGroup;
			children = (
				947834482728C99A0050B1A2 /* SportBedBluetoothTester.app */,
				947834612728C99D0050B1A2 /* SportBedBluetoothTesterTests.xctest */,
				9478346C2728C99D0050B1A2 /* SportBedBluetoothTesterUITests.xctest */,
			);
			name = Products;
			sourceTree = "<group>";
		};
		9478344A2728C99A0050B1A2 /* SportBedBluetoothTester */ = {
			isa = PBXGroup;
			children = (
				9478344B2728C99A0050B1A2 /* AppDelegate.swift */,
				9478344D2728C99A0050B1A2 /* SceneDelegate.swift */,
				9478344F2728C99A0050B1A2 /* ViewController.swift */,
				947834512728C99A0050B1A2 /* Main.storyboard */,
				94783483272900BE0050B1A2 /* bleTableViewController.swift */,
				947834572728C99D0050B1A2 /* Assets.xcassets */,
				947834592728C99D0050B1A2 /* LaunchScreen.storyboard */,
				9478345C2728C99D0050B1A2 /* Info.plist */,
				947834542728C99A0050B1A2 /* SportBedBluetoothTester.xcdatamodeld */,
			);
			path = SportBedBluetoothTester;
			sourceTree = "<group>";
		};
		947834642728C99D0050B1A2 /* SportBedBluetoothTesterTests */ = {
			isa = PBXGroup;
			children = (
				947834652728C99D0050B1A2 /* SportBedBluetoothTesterTests.swift */,
				947834672728C99D0050B1A2 /* Info.plist */,
			);
			path = SportBedBluetoothTesterTests;
			sourceTree = "<group>";
		};
		9478346F2728C99D0050B1A2 /* SportBedBluetoothTesterUITests */ = {
			isa = PBXGroup;
			children = (
				947834702728C99D0050B1A2 /* SportBedBluetoothTesterUITests.swift */,
				947834722728C99D0050B1A2 /* Info.plist */,
			);
			path = SportBedBluetoothTesterUITests;
			sourceTree = "<group>";
		};
/* End PBXGroup section */

/* Begin PBXNativeTarget section */
		947834472728C99A0050B1A2 /* SportBedBluetoothTester */ = {
			isa = PBXNativeTarget;
			buildConfigurationList = 947834752728C99D0050B1A2 /* Build configuration list for PBXNativeTarget "SportBedBluetoothTester" */;
			buildPhases = (
				947834442728C99A0050B1A2 /* Sources */,
				947834452728C99A0050B1A2 /* Frameworks */,
				947834462728C99A0050B1A2 /* Resources */,
			);
			buildRules = (
			);
			dependencies = (
			);
			name = SportBedBluetoothTester;
			productName = SportBedBluetoothTester;
			productReference = 947834482728C99A0050B1A2 /* SportBedBluetoothTester.app */;
			productType = "com.apple.product-type.application";
		};
		947834602728C99D0050B1A2 /* SportBedBluetoothTesterTests */ = {
			isa = PBXNativeTarget;
			buildConfigurationList = 947834782728C99D0050B1A2 /* Build configuration list for PBXNativeTarget "SportBedBluetoothTesterTests" */;
			buildPhases = (
				9478345D2728C99D0050B1A2 /* Sources */,
				9478345E2728C99D0050B1A2 /* Frameworks */,
				9478345F2728C99D0050B1A2 /* Resources */,
			);
			buildRules = (
			);
			dependencies = (
				947834632728C99D0050B1A2 /* PBXTargetDependency */,
			);
			name = SportBedBluetoothTesterTests;
			productName = SportBedBluetoothTesterTests;
			productReference = 947834612728C99D0050B1A2 /* SportBedBluetoothTesterTests.xctest */;
			productType = "com.apple.product-type.bundle.unit-test";
		};
		9478346B2728C99D0050B1A2 /* SportBedBluetoothTesterUITests */ = {
			isa = PBXNativeTarget;
			buildConfigurationList = 9478347B2728C99D0050B1A2 /* Build configuration list for PBXNativeTarget "SportBedBluetoothTesterUITests" */;
			buildPhases = (
				947834682728C99D0050B1A2 /* Sources */,
				947834692728C99D0050B1A2 /* Frameworks */,
				9478346A2728C99D0050B1A2 /* Resources */,
			);
			buildRules = (
			);
			dependencies = (
				9478346E2728C99D0050B1A2 /* PBXTargetDependency */,
			);
			name = SportBedBluetoothTesterUITests;
			productName = SportBedBluetoothTesterUITests;
			productReference = 9478346C2728C99D0050B1A2 /* SportBedBluetoothTesterUITests.xctest */;
			productType = "com.apple.product-type.bundle.ui-testing";
		};
/* End PBXNativeTarget section */

/* Begin PBXProject section */
		947834402728C99A0050B1A2 /* Project object */ = {
			isa = PBXProject;
			attributes = {
				LastSwiftUpdateCheck = 1240;
				LastUpgradeCheck = 1240;
				TargetAttributes = {
					947834472728C99A0050B1A2 = {
						CreatedOnToolsVersion = 12.4;
					};
					947834602728C99D0050B1A2 = {
						CreatedOnToolsVersion = 12.4;
						TestTargetID = 947834472728C99A0050B1A2;
					};
					9478346B2728C99D0050B1A2 = {
						CreatedOnToolsVersion = 12.4;
						TestTargetID = 947834472728C99A0050B1A2;
					};
				};
			};
			buildConfigurationList = 947834432728C99A0050B1A2 /* Build configuration list for PBXProject "SportBedBluetoothTester" */;
			compatibilityVersion = "Xcode 9.3";
			developmentRegion = en;
			hasScannedForEncodings = 0;
			knownRegions = (
				en,
				Base,
			);
			mainGroup = 9478343F2728C99A0050B1A2;
			productRefGroup = 947834492728C99A0050B1A2 /* Products */;
			projectDirPath = "";
			projectRoot = "";
			targets = (
				947834472728C99A0050B1A2 /* SportBedBluetoothTester */,
				947834602728C99D0050B1A2 /* SportBedBluetoothTesterTests */,
				9478346B2728C99D0050B1A2 /* SportBedBluetoothTesterUITests */,
			);
		};
/* End PBXProject section */

/* Begin PBXResourcesBuildPhase section */
		947834462728C99A0050B1A2 /* Resources */ = {
			isa = PBXResourcesBuildPhase;
			buildActionMask = 2147483647;
			files = (
				9478345B2728C99D0050B1A2 /* LaunchScreen.storyboard in Resources */,
				947834582728C99D0050B1A2 /* Assets.xcassets in Resources */,
				947834532728C99A0050B1A2 /* Main.storyboard in Resources */,
			);
			runOnlyForDeploymentPostprocessing = 0;
		};
		9478345F2728C99D0050B1A2 /* Resources */ = {
			isa = PBXResourcesBuildPhase;
			buildActionMask = 2147483647;
			files = (
			);
			runOnlyForDeploymentPostprocessing = 0;
		};
		9478346A2728C99D0050B1A2 /* Resources */ = {
			isa = PBXResourcesBuildPhase;
			buildActionMask = 2147483647;
			files = (
			);
			runOnlyForDeploymentPostprocessing = 0;
		};
/* End PBXResourcesBuildPhase section */

/* Begin PBXSourcesBuildPhase section */
		947834442728C99A0050B1A2 /* Sources */ = {
			isa = PBXSourcesBuildPhase;
			buildActionMask = 2147483647;
			files = (
				94783484272900BE0050B1A2 /* bleTableViewController.swift in Sources */,
				947834562728C99A0050B1A2 /* SportBedBluetoothTester.xcdatamodeld in Sources */,
				947834502728C99A0050B1A2 /* ViewController.swift in Sources */,
				9478344C2728C99A0050B1A2 /* AppDelegate.swift in Sources */,
				9478344E2728C99A0050B1A2 /* SceneDelegate.swift in Sources */,
			);
			runOnlyForDeploymentPostprocessing = 0;
		};
		9478345D2728C99D0050B1A2 /* Sources */ = {
			isa = PBXSourcesBuildPhase;
			buildActionMask = 2147483647;
			files = (
				947834662728C99D0050B1A2 /* SportBedBluetoothTesterTests.swift in Sources */,
			);
			runOnlyForDeploymentPostprocessing = 0;
		};
		947834682728C99D0050B1A2 /* Sources */ = {
			isa = PBXSourcesBuildPhase;
			buildActionMask = 2147483647;
			files = (
				947834712728C99D0050B1A2 /* SportBedBluetoothTesterUITests.swift in Sources */,
			);
			runOnlyForDeploymentPostprocessing = 0;
		};
/* End PBXSourcesBuildPhase section */

/* Begin PBXTargetDependency section */
		947834632728C99D0050B1A2 /* PBXTargetDependency */ = {
			isa = PBXTargetDependency;
			target = 947834472728C99A0050B1A2 /* SportBedBluetoothTester */;
			targetProxy = 947834622728C99D0050B1A2 /* PBXContainerItemProxy */;
		};
		9478346E2728C99D0050B1A2 /* PBXTargetDependency */ = {
			isa = PBXTargetDependency;
			target = 947834472728C99A0050B1A2 /* SportBedBluetoothTester */;
			targetProxy = 9478346D2728C99D0050B1A2 /* PBXContainerItemProxy */;
		};
/* End PBXTargetDependency section */

/* Begin PBXVariantGroup section */
		947834512728C99A0050B1A2 /* Main.storyboard */ = {
			isa = PBXVariantGroup;
			children = (
				947834522728C99A0050B1A2 /* Base */,
			);
			name = Main.storyboard;
			sourceTree = "<group>";
		};
		947834592728C99D0050B1A2 /* LaunchScreen.storyboard */ = {
			isa = PBXVariantGroup;
			children = (
				9478345A2728C99D0050B1A2 /* Base */,
			);
			name = LaunchScreen.storyboard;
			sourceTree = "<group>";
		};
/* End PBXVariantGroup section */

/* Begin XCBuildConfiguration section */
		947834732728C99D0050B1A2 /* Debug */ = {
			isa = XCBuildConfiguration;
			buildSettings = {
				ALWAYS_SEARCH_USER_PATHS = NO;
				CLANG_ANALYZER_NONNULL = YES;
				CLANG_ANALYZER_NUMBER_OBJECT_CONVERSION = YES_AGGRESSIVE;
				CLANG_CXX_LANGUAGE_STANDARD = "gnu++14";
				CLANG_CXX_LIBRARY = "libc++";
				CLANG_ENABLE_MODULES = YES;
				CLANG_ENABLE_OBJC_ARC = YES;
				CLANG_ENABLE_OBJC_WEAK = YES;
				CLANG_WARN_BLOCK_CAPTURE_AUTORELEASING = YES;
				CLANG_WARN_BOOL_CONVERSION = YES;
				CLANG_WARN_COMMA = YES;
				CLANG_WARN_CONSTANT_CONVERSION = YES;
				CLANG_WARN_DEPRECATED_OBJC_IMPLEMENTATIONS = YES;
				CLANG_WARN_DIRECT_OBJC_ISA_USAGE = YES_ERROR;
				CLANG_WARN_DOCUMENTATION_COMMENTS = YES;
				CLANG_WARN_EMPTY_BODY = YES;
				CLANG_WARN_ENUM_CONVERSION = YES;
				CLANG_WARN_INFINITE_RECURSION = YES;
				CLANG_WARN_INT_CONVERSION = YES;
				CLANG_WARN_NON_LITERAL_NULL_CONVERSION = YES;
				CLANG_WARN_OBJC_IMPLICIT_RETAIN_SELF = YES;
				CLANG_WARN_OBJC_LITERAL_CONVERSION = YES;
				CLANG_WARN_OBJC_ROOT_CLASS = YES_ERROR;
				CLANG_WARN_QUOTED_INCLUDE_IN_FRAMEWORK_HEADER = YES;
				CLANG_WARN_RANGE_LOOP_ANALYSIS = YES;
				CLANG_WARN_STRICT_PROTOTYPES = YES;
				CLANG_WARN_SUSPICIOUS_MOVE = YES;
				CLANG_WARN_UNGUARDED_AVAILABILITY = YES_AGGRESSIVE;
				CLANG_WARN_UNREACHABLE_CODE = YES;
				CLANG_WARN__DUPLICATE_METHOD_MATCH = YES;
				COPY_PHASE_STRIP = NO;
				DEBUG_INFORMATION_FORMAT = dwarf;
				ENABLE_STRICT_OBJC_MSGSEND = YES;
				ENABLE_TESTABILITY = YES;
				GCC_C_LANGUAGE_STANDARD = gnu11;
				GCC_DYNAMIC_NO_PIC = NO;
				GCC_NO_COMMON_BLOCKS = YES;
				GCC_OPTIMIZATION_LEVEL = 0;
				GCC_PREPROCESSOR_DEFINITIONS = (
					"DEBUG=1",
					"$(inherited)",
				);
				GCC_WARN_64_TO_32_BIT_CONVERSION = YES;
				GCC_WARN_ABOUT_RETURN_TYPE = YES_ERROR;
				GCC_WARN_UNDECLARED_SELECTOR = YES;
				GCC_WARN_UNINITIALIZED_AUTOS = YES_AGGRESSIVE;
				GCC_WARN_UNUSED_FUNCTION = YES;
				GCC_WARN_UNUSED_VARIABLE = YES;
				IPHONEOS_DEPLOYMENT_TARGET = 14.4;
				MTL_ENABLE_DEBUG_INFO = INCLUDE_SOURCE;
				MTL_FAST_MATH = YES;
				ONLY_ACTIVE_ARCH = YES;
				SDKROOT = iphoneos;
				SWIFT_ACTIVE_COMPILATION_CONDITIONS = DEBUG;
				SWIFT_OPTIMIZATION_LEVEL = "-Onone";
			};
			name = Debug;
		};
		947834742728C99D0050B1A2 /* Release */ = {
			isa = XCBuildConfiguration;
			buildSettings = {
				ALWAYS_SEARCH_USER_PATHS = NO;
				CLANG_ANALYZER_NONNULL = YES;
				CLANG_ANALYZER_NUMBER_OBJECT_CONVERSION = YES_AGGRESSIVE;
				CLANG_CXX_LANGUAGE_STANDARD = "gnu++14";
				CLANG_CXX_LIBRARY = "libc++";
				CLANG_ENABLE_MODULES = YES;
				CLANG_ENABLE_OBJC_ARC = YES;
				CLANG_ENABLE_OBJC_WEAK = YES;
				CLANG_WARN_BLOCK_CAPTURE_AUTORELEASING = YES;
				CLANG_WARN_BOOL_CONVERSION = YES;
				CLANG_WARN_COMMA = YES;
				CLANG_WARN_CONSTANT_CONVERSION = YES;
				CLANG_WARN_DEPRECATED_OBJC_IMPLEMENTATIONS = YES;
				CLANG_WARN_DIRECT_OBJC_ISA_USAGE = YES_ERROR;
				CLANG_WARN_DOCUMENTATION_COMMENTS = YES;
				CLANG_WARN_EMPTY_BODY = YES;
				CLANG_WARN_ENUM_CONVERSION = YES;
				CLANG_WARN_INFINITE_RECURSION = YES;
				CLANG_WARN_INT_CONVERSION = YES;
				CLANG_WARN_NON_LITERAL_NULL_CONVERSION = YES;
				CLANG_WARN_OBJC_IMPLICIT_RETAIN_SELF = YES;
				CLANG_WARN_OBJC_LITERAL_CONVERSION = YES;
				CLANG_WARN_OBJC_ROOT_CLASS = YES_ERROR;
				CLANG_WARN_QUOTED_INCLUDE_IN_FRAMEWORK_HEADER = YES;
				CLANG_WARN_RANGE_LOOP_ANALYSIS = YES;
				CLANG_WARN_STRICT_PROTOTYPES = YES;
				CLANG_WARN_SUSPICIOUS_MOVE = YES;
				CLANG_WARN_UNGUARDED_AVAILABILITY = YES_AGGRESSIVE;
				CLANG_WARN_UNREACHABLE_CODE = YES;
				CLANG_WARN__DUPLICATE_METHOD_MATCH = YES;
				COPY_PHASE_STRIP = NO;
				DEBUG_INFORMATION_FORMAT = "dwarf-with-dsym";
				ENABLE_NS_ASSERTIONS = NO;
				ENABLE_STRICT_OBJC_MSGSEND = YES;
				GCC_C_LANGUAGE_STANDARD = gnu11;
				GCC_NO_COMMON_BLOCKS = YES;
				GCC_WARN_64_TO_32_BIT_CONVERSION = YES;
				GCC_WARN_ABOUT_RETURN_TYPE = YES_ERROR;
				GCC_WARN_UNDECLARED_SELECTOR = YES;
				GCC_WARN_UNINITIALIZED_AUTOS = YES_AGGRESSIVE;
				GCC_WARN_UNUSED_FUNCTION = YES;
				GCC_WARN_UNUSED_VARIABLE = YES;
				IPHONEOS_DEPLOYMENT_TARGET = 14.4;
				MTL_ENABLE_DEBUG_INFO = NO;
				MTL_FAST_MATH = YES;
				SDKROOT = iphoneos;
				SWIFT_COMPILATION_MODE = wholemodule;
				SWIFT_OPTIMIZATION_LEVEL = "-O";
				VALIDATE_PRODUCT = YES;
			};
			name = Release;
		};
		947834762728C99D0050B1A2 /* Debug */ = {
			isa = XCBuildConfiguration;
			buildSettings = {
				ASSETCATALOG_COMPILER_APPICON_NAME = AppIcon;
				ASSETCATALOG_COMPILER_GLOBAL_ACCENT_COLOR_NAME = AccentColor;
				CODE_SIGN_STYLE = Automatic;
				DEVELOPMENT_TEAM = 34S22NPQ93;
				INFOPLIST_FILE = SportBedBluetoothTester/Info.plist;
				LD_RUNPATH_SEARCH_PATHS = (
					"$(inherited)",
					"@executable_path/Frameworks",
				);
				PRODUCT_BUNDLE_IDENTIFIER = com.SportBedTestPlatform.SportBedBluetoothTester;
				PRODUCT_NAME = "$(TARGET_NAME)";
				SWIFT_VERSION = 5.0;
				TARGETED_DEVICE_FAMILY = "1,2";
			};
			name = Debug;
		};
		947834772728C99D0050B1A2 /* Release */ = {
			isa = XCBuildConfiguration;
			buildSettings = {
				ASSETCATALOG_COMPILER_APPICON_NAME = AppIcon;
				ASSETCATALOG_COMPILER_GLOBAL_ACCENT_COLOR_NAME = AccentColor;
				CODE_SIGN_STYLE = Automatic;
				DEVELOPMENT_TEAM = 34S22NPQ93;
				INFOPLIST_FILE = SportBedBluetoothTester/Info.plist;
				LD_RUNPATH_SEARCH_PATHS = (
					"$(inherited)",
					"@executable_path/Frameworks",
				);
				PRODUCT_BUNDLE_IDENTIFIER = com.SportBedTestPlatform.SportBedBluetoothTester;
				PRODUCT_NAME = "$(TARGET_NAME)";
				SWIFT_VERSION = 5.0;
				TARGETED_DEVICE_FAMILY = "1,2";
			};
			name = Release;
		};
		947834792728C99D0050B1A2 /* Debug */ = {
			isa = XCBuildConfiguration;
			buildSettings = {
				ALWAYS_EMBED_SWIFT_STANDARD_LIBRARIES = YES;
				BUNDLE_LOADER = "$(TEST_HOST)";
				CODE_SIGN_STYLE = Automatic;
				DEVELOPMENT_TEAM = 34S22NPQ93;
				INFOPLIST_FILE = SportBedBluetoothTesterTests/Info.plist;
				IPHONEOS_DEPLOYMENT_TARGET = 14.4;
				LD_RUNPATH_SEARCH_PATHS = (
					"$(inherited)",
					"@executable_path/Frameworks",
					"@loader_path/Frameworks",
				);
				PRODUCT_BUNDLE_IDENTIFIER = com.SportBedTestPlatform.SportBedBluetoothTesterTests;
				PRODUCT_NAME = "$(TARGET_NAME)";
				SWIFT_VERSION = 5.0;
				TARGETED_DEVICE_FAMILY = "1,2";
				TEST_HOST = "$(BUILT_PRODUCTS_DIR)/SportBedBluetoothTester.app/SportBedBluetoothTester";
			};
			name = Debug;
		};
		9478347A2728C99D0050B1A2 /* Release */ = {
			isa = XCBuildConfiguration;
			buildSettings = {
				ALWAYS_EMBED_SWIFT_STANDARD_LIBRARIES = YES;
				BUNDLE_LOADER = "$(TEST_HOST)";
				CODE_SIGN_STYLE = Automatic;
				DEVELOPMENT_TEAM = 34S22NPQ93;
				INFOPLIST_FILE = SportBedBluetoothTesterTests/Info.plist;
				IPHONEOS_DEPLOYMENT_TARGET = 14.4;
				LD_RUNPATH_SEARCH_PATHS = (
					"$(inherited)",
					"@executable_path/Frameworks",
					"@loader_path/Frameworks",
				);
				PRODUCT_BUNDLE_IDENTIFIER = com.SportBedTestPlatform.SportBedBluetoothTesterTests;
				PRODUCT_NAME = "$(TARGET_NAME)";
				SWIFT_VERSION = 5.0;
				TARGETED_DEVICE_FAMILY = "1,2";
				TEST_HOST = "$(BUILT_PRODUCTS_DIR)/SportBedBluetoothTester.app/SportBedBluetoothTester";
			};
			name = Release;
		};
		9478347C2728C99D0050B1A2 /* Debug */ = {
			isa = XCBuildConfiguration;
			buildSettings = {
				ALWAYS_EMBED_SWIFT_STANDARD_LIBRARIES = YES;
				CODE_SIGN_STYLE = Automatic;
				DEVELOPMENT_TEAM = 34S22NPQ93;
				INFOPLIST_FILE = SportBedBluetoothTesterUITests/Info.plist;
				LD_RUNPATH_SEARCH_PATHS = (
					"$(inherited)",
					"@executable_path/Frameworks",
					"@loader_path/Frameworks",
				);
				PRODUCT_BUNDLE_IDENTIFIER = com.SportBedTestPlatform.SportBedBluetoothTesterUITests;
				PRODUCT_NAME = "$(TARGET_NAME)";
				SWIFT_VERSION = 5.0;
				TARGETED_DEVICE_FAMILY = "1,2";
				TEST_TARGET_NAME = SportBedBluetoothTester;
			};
			name = Debug;
		};
		9478347D2728C99D0050B1A2 /* Release */ = {
			isa = XCBuildConfiguration;
			buildSettings = {
				ALWAYS_EMBED_SWIFT_STANDARD_LIBRARIES = YES;
				CODE_SIGN_STYLE = Automatic;
				DEVELOPMENT_TEAM = 34S22NPQ93;
				INFOPLIST_FILE = SportBedBluetoothTesterUITests/Info.plist;
				LD_RUNPATH_SEARCH_PATHS = (
					"$(inherited)",
					"@executable_path/Frameworks",
					"@loader_path/Frameworks",
				);
				PRODUCT_BUNDLE_IDENTIFIER = com.SportBedTestPlatform.SportBedBluetoothTesterUITests;
				PRODUCT_NAME = "$(TARGET_NAME)";
				SWIFT_VERSION = 5.0;
				TARGETED_DEVICE_FAMILY = "1,2";
				TEST_TARGET_NAME = SportBedBluetoothTester;
			};
			name = Release;
		};
/* End XCBuildConfiguration section */

/* Begin XCConfigurationList section */
		947834432728C99A0050B1A2 /* Build configuration list for PBXProject "SportBedBluetoothTester" */ = {
			isa = XCConfigurationList;
			buildConfigurations = (
				947834732728C99D0050B1A2 /* Debug */,
				947834742728C99D0050B1A2 /* Release */,
			);
			defaultConfigurationIsVisible = 0;
			defaultConfigurationName = Release;
		};
		947834752728C99D0050B1A2 /* Build configuration list for PBXNativeTarget "SportBedBluetoothTester" */ = {
			isa = XCConfigurationList;
			buildConfigurations = (
				947834762728C99D0050B1A2 /* Debug */,
				947834772728C99D0050B1A2 /* Release */,
			);
			defaultConfigurationIsVisible = 0;
			defaultConfigurationName = Release;
		};
		947834782728C99D0050B1A2 /* Build configuration list for PBXNativeTarget "SportBedBluetoothTesterTests" */ = {
			isa = XCConfigurationList;
			buildConfigurations = (
				947834792728C99D0050B1A2 /* Debug */,
				9478347A2728C99D0050B1A2 /* Release */,
			);
			defaultConfigurationIsVisible = 0;
			defaultConfigurationName = Release;
		};
		9478347B2728C99D0050B1A2 /* Build configuration list for PBXNativeTarget "SportBedBluetoothTesterUITests" */ = {
			isa = XCConfigurationList;
			buildConfigurations = (
				9478347C2728C99D0050B1A2 /* Debug */,
				9478347D2728C99D0050B1A2 /* Release */,
			);
			defaultConfigurationIsVisible = 0;
			defaultConfigurationName = Release;
		};
/* End XCConfigurationList section */

/* Begin XCVersionGroup section */
		947834542728C99A0050B1A2 /* SportBedBluetoothTester.xcdatamodeld */ = {
			isa = XCVersionGroup;
			children = (
				947834552728C99A0050B1A2 /* SportBedBluetoothTester.xcdatamodel */,
			);
			currentVersion = 947834552728C99A0050B1A2 /* SportBedBluetoothTester.xcdatamodel */;
			path = SportBedBluetoothTester.xcdatamodeld;
			sourceTree = "<group>";
			versionGroupType = wrapper.xcdatamodel;
		};
/* End XCVersionGroup section */
	};
	rootObject = 947834402728C99A0050B1A2 /* Project object */;
}
